
Microsoft Visual Studio Solution File, Format Version 12.00
# Visual Studio 2012
Project("{FAE04EC0-301F-11D3-BF4B-00C04F79EFBC}") = "TimetableWeb", "TimetableWeb\TimetableWeb.csproj", "{77D26C09-53AB-40BF-85C9-B48F6462915A}"
	ProjectSection(ProjectDependencies) = postProject
		{12A7E88F-9D2E-417D-8BD0-1656B7E0D13E} = {12A7E88F-9D2E-417D-8BD0-1656B7E0D13E}
	EndProjectSection
EndProject
Project("{FAE04EC0-301F-11D3-BF4B-00C04F79EFBC}") = "TimetableWebService", "TimetableWebService\TimetableWebService.csproj", "{12A7E88F-9D2E-417D-8BD0-1656B7E0D13E}"
EndProject
Project("{FAE04EC0-301F-11D3-BF4B-00C04F79EFBC}") = "TimetableCore", "TimetableCore\TimetableCore.csproj", "{32D81188-F70E-45E9-A652-3532BCAFB350}"
EndProject
Project("{FAE04EC0-301F-11D3-BF4B-00C04F79EFBC}") = "TimetableDataAccessTests", "TimetableDataAccessTests\TimetableDataAccessTests.csproj", "{A30C9052-99BB-4E28-B296-3A4763017EFF}"
	ProjectSection(ProjectDependencies) = postProject
		{32D81188-F70E-45E9-A652-3532BCAFB350} = {32D81188-F70E-45E9-A652-3532BCAFB350}
		{12A7E88F-9D2E-417D-8BD0-1656B7E0D13E} = {12A7E88F-9D2E-417D-8BD0-1656B7E0D13E}
	EndProjectSection
EndProject
Global
	GlobalSection(SolutionConfigurationPlatforms) = preSolution
		Debug|Any CPU = Debug|Any CPU
		Release|Any CPU = Release|Any CPU
	EndGlobalSection
	GlobalSection(ProjectConfigurationPlatforms) = postSolution
		{77D26C09-53AB-40BF-85C9-B48F6462915A}.Debug|Any CPU.ActiveCfg = Debug|Any CPU
		{77D26C09-53AB-40BF-85C9-B48F6462915A}.Debug|Any CPU.Build.0 = Debug|Any CPU
		{77D26C09-53AB-40BF-85C9-B48F6462915A}.Release|Any CPU.ActiveCfg = Release|Any CPU
		{77D26C09-53AB-40BF-85C9-B48F6462915A}.Release|Any CPU.Build.0 = Release|Any CPU
		{12A7E88F-9D2E-417D-8BD0-1656B7E0D13E}.Debug|Any CPU.ActiveCfg = Debug|Any CPU
		{12A7E88F-9D2E-417D-8BD0-1656B7E0D13E}.Debug|Any CPU.Build.0 = Debug|Any CPU
		{12A7E88F-9D2E-417D-8BD0-1656B7E0D13E}.Release|Any CPU.ActiveCfg = Release|Any CPU
		{12A7E88F-9D2E-417D-8BD0-1656B7E0D13E}.Release|Any CPU.Build.0 = Release|Any CPU
		{32D81188-F70E-45E9-A652-3532BCAFB350}.Debug|Any CPU.ActiveCfg = Debug|Any CPU
		{32D81188-F70E-45E9-A652-3532BCAFB350}.Debug|Any CPU.Build.0 = Debug|Any CPU
		{32D81188-F70E-45E9-A652-3532BCAFB350}.Release|Any CPU.ActiveCfg = Release|Any CPU
		{32D81188-F70E-45E9-A652-3532BCAFB350}.Release|Any CPU.Build.0 = Release|Any CPU
		{A30C9052-99BB-4E28-B296-3A4763017EFF}.Debug|Any CPU.ActiveCfg = Debug|Any CPU
		{A30C9052-99BB-4E28-B296-3A4763017EFF}.Debug|Any CPU.Build.0 = Debug|Any CPU
		{A30C9052-99BB-4E28-B296-3A4763017EFF}.Release|Any CPU.ActiveCfg = Release|Any CPU
		{A30C9052-99BB-4E28-B296-3A4763017EFF}.Release|Any CPU.Build.0 = Release|Any CPU
	EndGlobalSection
	GlobalSection(SolutionProperties) = preSolution
		HideSolutionNode = FALSE
	EndGlobalSection
EndGlobal
